
Microsoft Visual Studio Solution File, Format Version 12.00
Project("{FAE04EC0-301F-11D3-BF4B-00C04F79EFBC}") = "ChatApp", "ChatApp\ChatApp.csproj", "{BAB8B865-7154-4550-891D-D4F2EAF6CA44}"
EndProject
Global
	GlobalSection(SolutionConfigurationPlatforms) = preSolution
		Debug|Any CPU = Debug|Any CPU
		Release|Any CPU = Release|Any CPU
	EndGlobalSection
	GlobalSection(ProjectConfigurationPlatforms) = postSolution
		{BAB8B865-7154-4550-891D-D4F2EAF6CA44}.Debug|Any CPU.ActiveCfg = Debug|Any CPU
		{BAB8B865-7154-4550-891D-D4F2EAF6CA44}.Debug|Any CPU.Build.0 = Debug|Any CPU
		{BAB8B865-7154-4550-891D-D4F2EAF6CA44}.Release|Any CPU.ActiveCfg = Release|Any CPU
		{BAB8B865-7154-4550-891D-D4F2EAF6CA44}.Release|Any CPU.Build.0 = Release|Any CPU
	EndGlobalSection
EndGlobal
